# THIS IS AN AUTOGENERATED FILE. DO NOT EDIT THIS FILE DIRECTLY.
# yarn lockfile v1


rescript@10.1.0-rc.5:
  version "10.1.0-rc.5"
  resolved "https://registry.yarnpkg.com/rescript/-/rescript-10.1.0-rc.5.tgz#d2eed3ae882e1a4def76d145f30957b3f7c33747"
  integrity sha512-57/4oETx9s0uiCof1Yfo/SU3kyDE/AHf2RjMpIpdXeYhaa62C0f15cbLCAHehJEy/L6kJUHoQBzNqQ0OuumcSQ==
